// !$*UTF8*$!
{
	archiveVersion = 1;
	classes = {
	};
	objectVersion = 56;
	objects = {

/* Begin PBXBuildFile section */
		C8910D5E29A4C1000013AB3E /* AppDelegate.swift in Sources */ = {isa = PBXBuildFile; fileRef = C8910D5D29A4C1000013AB3E /* AppDelegate.swift */; };
		C8910D6029A4C1000013AB3E /* SceneDelegate.swift in Sources */ = {isa = PBXBuildFile; fileRef = C8910D5F29A4C1000013AB3E /* SceneDelegate.swift */; };
		C8910D6529A4C1000013AB3E /* Main.storyboard in Resources */ = {isa = PBXBuildFile; fileRef = C8910D6329A4C1000013AB3E /* Main.storyboard */; };
		C8910D6729A4C1020013AB3E /* Assets.xcassets in Resources */ = {isa = PBXBuildFile; fileRef = C8910D6629A4C1020013AB3E /* Assets.xcassets */; };
		C8910D6A29A4C1020013AB3E /* LaunchScreen.storyboard in Resources */ = {isa = PBXBuildFile; fileRef = C8910D6829A4C1020013AB3E /* LaunchScreen.storyboard */; };
		C8910D7529A4C3310013AB3E /* ViewController.swift in Sources */ = {isa = PBXBuildFile; fileRef = C8910D7329A4C32A0013AB3E /* ViewController.swift */; };
		C8910D7629A4C3310013AB3E /* ChangeLanguageVC.swift in Sources */ = {isa = PBXBuildFile; fileRef = C8910D7429A4C32A0013AB3E /* ChangeLanguageVC.swift */; };
		C8910D7E29A4C3BF0013AB3E /* ForceLanguage.swift in Sources */ = {isa = PBXBuildFile; fileRef = C8910D7829A4C3BE0013AB3E /* ForceLanguage.swift */; };
		C8910D7F29A4C3BF0013AB3E /* BundleLocalization.m in Sources */ = {isa = PBXBuildFile; fileRef = C8910D7C29A4C3BE0013AB3E /* BundleLocalization.m */; };
		C8910D8029A4C3BF0013AB3E /* NSBundle+Localization.m in Sources */ = {isa = PBXBuildFile; fileRef = C8910D7D29A4C3BF0013AB3E /* NSBundle+Localization.m */; };
		C8910D9229A4C7C30013AB3E /* Localizable.strings in Resources */ = {isa = PBXBuildFile; fileRef = C8910D8F29A4C7C30013AB3E /* Localizable.strings */; };
/* End PBXBuildFile section */

/* Begin PBXFileReference section */
		C8910D5A29A4C1000013AB3E /* TranslateIosProjectNative.app */ = {isa = PBXFileReference; explicitFileType = wrapper.application; includeInIndex = 0; path = TranslateIosProjectNative.app; sourceTree = BUILT_PRODUCTS_DIR; };
		C8910D5D29A4C1000013AB3E /* AppDelegate.swift */ = {isa = PBXFileReference; lastKnownFileType = sourcecode.swift; path = AppDelegate.swift; sourceTree = "<group>"; };
		C8910D5F29A4C1000013AB3E /* SceneDelegate.swift */ = {isa = PBXFileReference; lastKnownFileType = sourcecode.swift; path = SceneDelegate.swift; sourceTree = "<group>"; };
		C8910D6429A4C1000013AB3E /* Base */ = {isa = PBXFileReference; lastKnownFileType = file.storyboard; name = Base; path = Base.lproj/Main.storyboard; sourceTree = "<group>"; };
		C8910D6629A4C1020013AB3E /* Assets.xcassets */ = {isa = PBXFileReference; lastKnownFileType = folder.assetcatalog; path = Assets.xcassets; sourceTree = "<group>"; };
		C8910D6929A4C1020013AB3E /* Base */ = {isa = PBXFileReference; lastKnownFileType = file.storyboard; name = Base; path = Base.lproj/LaunchScreen.storyboard; sourceTree = "<group>"; };
		C8910D6B29A4C1020013AB3E /* Info.plist */ = {isa = PBXFileReference; lastKnownFileType = text.plist.xml; path = Info.plist; sourceTree = "<group>"; };
		C8910D7129A4C1290013AB3E /* TranslateIosProjectNativeBridge.h */ = {isa = PBXFileReference; lastKnownFileType = sourcecode.c.h; path = TranslateIosProjectNativeBridge.h; sourceTree = "<group>"; };
		C8910D7329A4C32A0013AB3E /* ViewController.swift */ = {isa = PBXFileReference; fileEncoding = 4; lastKnownFileType = sourcecode.swift; path = ViewController.swift; sourceTree = "<group>"; };
		C8910D7429A4C32A0013AB3E /* ChangeLanguageVC.swift */ = {isa = PBXFileReference; fileEncoding = 4; lastKnownFileType = sourcecode.swift; path = ChangeLanguageVC.swift; sourceTree = "<group>"; };
		C8910D7829A4C3BE0013AB3E /* ForceLanguage.swift */ = {isa = PBXFileReference; fileEncoding = 4; lastKnownFileType = sourcecode.swift; path = ForceLanguage.swift; sourceTree = "<group>"; };
		C8910D7A29A4C3BE0013AB3E /* BundleLocalization.h */ = {isa = PBXFileReference; fileEncoding = 4; lastKnownFileType = sourcecode.c.h; path = BundleLocalization.h; sourceTree = "<group>"; };
		C8910D7B29A4C3BE0013AB3E /* NSBundle+Localization.h */ = {isa = PBXFileReference; fileEncoding = 4; lastKnownFileType = sourcecode.c.h; path = "NSBundle+Localization.h"; sourceTree = "<group>"; };
		C8910D7C29A4C3BE0013AB3E /* BundleLocalization.m */ = {isa = PBXFileReference; fileEncoding = 4; lastKnownFileType = sourcecode.c.objc; path = BundleLocalization.m; sourceTree = "<group>"; };
		C8910D7D29A4C3BF0013AB3E /* NSBundle+Localization.m */ = {isa = PBXFileReference; fileEncoding = 4; lastKnownFileType = sourcecode.c.objc; path = "NSBundle+Localization.m"; sourceTree = "<group>"; };
		C8910D8B29A4C7190013AB3E /* ar */ = {isa = PBXFileReference; lastKnownFileType = text.plist.strings; name = ar; path = ar.lproj/Main.strings; sourceTree = "<group>"; };
		C8910D8D29A4C7250013AB3E /* en */ = {isa = PBXFileReference; lastKnownFileType = text.plist.strings; name = en; path = en.lproj/Main.strings; sourceTree = "<group>"; };
		C8910D9029A4C7C30013AB3E /* ar */ = {isa = PBXFileReference; lastKnownFileType = text.plist.strings; name = ar; path = ar.lproj/Localizable.strings; sourceTree = "<group>"; };
		C8910D9129A4C7C30013AB3E /* en */ = {isa = PBXFileReference; lastKnownFileType = text.plist.strings; name = en; path = en.lproj/Localizable.strings; sourceTree = "<group>"; };
/* End PBXFileReference section */

/* Begin PBXFrameworksBuildPhase section */
		C8910D5729A4C1000013AB3E /* Frameworks */ = {
			isa = PBXFrameworksBuildPhase;
			buildActionMask = 2147483647;
			files = (
			);
			runOnlyForDeploymentPostprocessing = 0;
		};
/* End PBXFrameworksBuildPhase section */

/* Begin PBXGroup section */
		C8910D5129A4C1000013AB3E = {
			isa = PBXGroup;
			children = (
				C8910D5C29A4C1000013AB3E /* TranslateIosProjectNative */,
				C8910D5B29A4C1000013AB3E /* Products */,
			);
			sourceTree = "<group>";
		};
		C8910D5B29A4C1000013AB3E /* Products */ = {
			isa = PBXGroup;
			children = (
				C8910D5A29A4C1000013AB3E /* TranslateIosProjectNative.app */,
			);
			name = Products;
			sourceTree = "<group>";
		};
		C8910D5C29A4C1000013AB3E /* TranslateIosProjectNative */ = {
			isa = PBXGroup;
			children = (
				C8910D5D29A4C1000013AB3E /* AppDelegate.swift */,
				C8910D5F29A4C1000013AB3E /* SceneDelegate.swift */,
				C8910D6329A4C1000013AB3E /* Main.storyboard */,
				C8910D6629A4C1020013AB3E /* Assets.xcassets */,
				C8910D8E29A4C7C30013AB3E /* Strings */,
				C8910D7229A4C32A0013AB3E /* VCs */,
				C8910D6829A4C1020013AB3E /* LaunchScreen.storyboard */,
				C8910D7729A4C3BE0013AB3E /* localizeLibrary */,
				C8910D6B29A4C1020013AB3E /* Info.plist */,
				C8910D7129A4C1290013AB3E /* TranslateIosProjectNativeBridge.h */,
			);
			path = TranslateIosProjectNative;
			sourceTree = "<group>";
		};
		C8910D7229A4C32A0013AB3E /* VCs */ = {
			isa = PBXGroup;
			children = (
				C8910D7329A4C32A0013AB3E /* ViewController.swift */,
				C8910D7429A4C32A0013AB3E /* ChangeLanguageVC.swift */,
			);
			path = VCs;
			sourceTree = "<group>";
		};
		C8910D7729A4C3BE0013AB3E /* localizeLibrary */ = {
			isa = PBXGroup;
			children = (
				C8910D7829A4C3BE0013AB3E /* ForceLanguage.swift */,
				C8910D7929A4C3BE0013AB3E /* localizeObjective */,
			);
			path = localizeLibrary;
			sourceTree = "<group>";
		};
		C8910D7929A4C3BE0013AB3E /* localizeObjective */ = {
			isa = PBXGroup;
			children = (
				C8910D7A29A4C3BE0013AB3E /* BundleLocalization.h */,
				C8910D7B29A4C3BE0013AB3E /* NSBundle+Localization.h */,
				C8910D7C29A4C3BE0013AB3E /* BundleLocalization.m */,
				C8910D7D29A4C3BF0013AB3E /* NSBundle+Localization.m */,
			);
			path = localizeObjective;
			sourceTree = "<group>";
		};
		C8910D8E29A4C7C30013AB3E /* Strings */ = {
			isa = PBXGroup;
			children = (
				C8910D8F29A4C7C30013AB3E /* Localizable.strings */,
			);
			path = Strings;
			sourceTree = "<group>";
		};
/* End PBXGroup section */

/* Begin PBXNativeTarget section */
		C8910D5929A4C1000013AB3E /* TranslateIosProjectNative */ = {
			isa = PBXNativeTarget;
			buildConfigurationList = C8910D6E29A4C1020013AB3E /* Build configuration list for PBXNativeTarget "TranslateIosProjectNative" */;
			buildPhases = (
				C8910D5629A4C1000013AB3E /* Sources */,
				C8910D5729A4C1000013AB3E /* Frameworks */,
				C8910D5829A4C1000013AB3E /* Resources */,
			);
			buildRules = (
			);
			dependencies = (
			);
			name = TranslateIosProjectNative;
			productName = TranslateIosProjectNative;
			productReference = C8910D5A29A4C1000013AB3E /* TranslateIosProjectNative.app */;
			productType = "com.apple.product-type.application";
		};
/* End PBXNativeTarget section */

/* Begin PBXProject section */
		C8910D5229A4C1000013AB3E /* Project object */ = {
			isa = PBXProject;
			attributes = {
				BuildIndependentTargetsInParallel = 1;
				LastSwiftUpdateCheck = 1400;
				LastUpgradeCheck = 1400;
				TargetAttributes = {
					C8910D5929A4C1000013AB3E = {
						CreatedOnToolsVersion = 14.0.1;
					};
				};
			};
			buildConfigurationList = C8910D5529A4C1000013AB3E /* Build configuration list for PBXProject "TranslateIosProjectNative" */;
			compatibilityVersion = "Xcode 14.0";
			developmentRegion = en;
			hasScannedForEncodings = 0;
			knownRegions = (
				en,
				Base,
				ar,
			);
			mainGroup = C8910D5129A4C1000013AB3E;
			productRefGroup = C8910D5B29A4C1000013AB3E /* Products */;
			projectDirPath = "";
			projectRoot = "";
			targets = (
				C8910D5929A4C1000013AB3E /* TranslateIosProjectNative */,
			);
		};
/* End PBXProject section */

/* Begin PBXResourcesBuildPhase section */
		C8910D5829A4C1000013AB3E /* Resources */ = {
			isa = PBXResourcesBuildPhase;
			buildActionMask = 2147483647;
			files = (
				C8910D6A29A4C1020013AB3E /* LaunchScreen.storyboard in Resources */,
				C8910D9229A4C7C30013AB3E /* Localizable.strings in Resources */,
				C8910D6729A4C1020013AB3E /* Assets.xcassets in Resources */,
				C8910D6529A4C1000013AB3E /* Main.storyboard in Resources */,
			);
			runOnlyForDeploymentPostprocessing = 0;
		};
/* End PBXResourcesBuildPhase section */

/* Begin PBXSourcesBuildPhase section */
		C8910D5629A4C1000013AB3E /* Sources */ = {
			isa = PBXSourcesBuildPhase;
			buildActionMask = 2147483647;
			files = (
				C8910D8029A4C3BF0013AB3E /* NSBundle+Localization.m in Sources */,
				C8910D7F29A4C3BF0013AB3E /* BundleLocalization.m in Sources */,
				C8910D5E29A4C1000013AB3E /* AppDelegate.swift in Sources */,
				C8910D7629A4C3310013AB3E /* ChangeLanguageVC.swift in Sources */,
				C8910D7E29A4C3BF0013AB3E /* ForceLanguage.swift in Sources */,
				C8910D7529A4C3310013AB3E /* ViewController.swift in Sources */,
				C8910D6029A4C1000013AB3E /* SceneDelegate.swift in Sources */,
			);
			runOnlyForDeploymentPostprocessing = 0;
		};
/* End PBXSourcesBuildPhase section */

/* Begin PBXVariantGroup section */
		C8910D6329A4C1000013AB3E /* Main.storyboard */ = {
			isa = PBXVariantGroup;
			children = (
				C8910D6429A4C1000013AB3E /* Base */,
				C8910D8B29A4C7190013AB3E /* ar */,
				C8910D8D29A4C7250013AB3E /* en */,
			);
			name = Main.storyboard;
			sourceTree = "<group>";
		};
		C8910D6829A4C1020013AB3E /* LaunchScreen.storyboard */ = {
			isa = PBXVariantGroup;
			children = (
				C8910D6929A4C1020013AB3E /* Base */,
			);
			name = LaunchScreen.storyboard;
			sourceTree = "<group>";
		};
		C8910D8F29A4C7C30013AB3E /* Localizable.strings */ = {
			isa = PBXVariantGroup;
			children = (
				C8910D9029A4C7C30013AB3E /* ar */,
				C8910D9129A4C7C30013AB3E /* en */,
			);
			name = Localizable.strings;
			sourceTree = "<group>";
		};
/* End PBXVariantGroup section */

/* Begin XCBuildConfiguration section */
		C8910D6C29A4C1020013AB3E /* Debug */ = {
			isa = XCBuildConfiguration;
			buildSettings = {
				ALWAYS_SEARCH_USER_PATHS = NO;
				CLANG_ANALYZER_LOCALIZABILITY_NONLOCALIZED = YES;
				CLANG_ANALYZER_NONNULL = YES;
				CLANG_ANALYZER_NUMBER_OBJECT_CONVERSION = YES_AGGRESSIVE;
				CLANG_CXX_LANGUAGE_STANDARD = "gnu++20";
				CLANG_ENABLE_MODULES = YES;
				CLANG_ENABLE_OBJC_ARC = YES;
				CLANG_ENABLE_OBJC_WEAK = YES;
				CLANG_WARN_BLOCK_CAPTURE_AUTORELEASING = YES;
				CLANG_WARN_BOOL_CONVERSION = YES;
				CLANG_WARN_COMMA = YES;
				CLANG_WARN_CONSTANT_CONVERSION = YES;
				CLANG_WARN_DEPRECATED_OBJC_IMPLEMENTATIONS = YES;
				CLANG_WARN_DIRECT_OBJC_ISA_USAGE = YES_ERROR;
				CLANG_WARN_DOCUMENTATION_COMMENTS = YES;
				CLANG_WARN_EMPTY_BODY = YES;
				CLANG_WARN_ENUM_CONVERSION = YES;
				CLANG_WARN_INFINITE_RECURSION = YES;
				CLANG_WARN_INT_CONVERSION = YES;
				CLANG_WARN_NON_LITERAL_NULL_CONVERSION = YES;
				CLANG_WARN_OBJC_IMPLICIT_RETAIN_SELF = YES;
				CLANG_WARN_OBJC_LITERAL_CONVERSION = YES;
				CLANG_WARN_OBJC_ROOT_CLASS = YES_ERROR;
				CLANG_WARN_QUOTED_INCLUDE_IN_FRAMEWORK_HEADER = YES;
				CLANG_WARN_RANGE_LOOP_ANALYSIS = YES;
				CLANG_WARN_STRICT_PROTOTYPES = YES;
				CLANG_WARN_SUSPICIOUS_MOVE = YES;
				CLANG_WARN_UNGUARDED_AVAILABILITY = YES_AGGRESSIVE;
				CLANG_WARN_UNREACHABLE_CODE = YES;
				CLANG_WARN__DUPLICATE_METHOD_MATCH = YES;
				COPY_PHASE_STRIP = NO;
				DEBUG_INFORMATION_FORMAT = dwarf;
				ENABLE_STRICT_OBJC_MSGSEND = YES;
				ENABLE_TESTABILITY = YES;
				GCC_C_LANGUAGE_STANDARD = gnu11;
				GCC_DYNAMIC_NO_PIC = NO;
				GCC_NO_COMMON_BLOCKS = YES;
				GCC_OPTIMIZATION_LEVEL = 0;
				GCC_PREPROCESSOR_DEFINITIONS = (
					"DEBUG=1",
					"$(inherited)",
				);
				GCC_WARN_64_TO_32_BIT_CONVERSION = YES;
				GCC_WARN_ABOUT_RETURN_TYPE = YES_ERROR;
				GCC_WARN_UNDECLARED_SELECTOR = YES;
				GCC_WARN_UNINITIALIZED_AUTOS = YES_AGGRESSIVE;
				GCC_WARN_UNUSED_FUNCTION = YES;
				GCC_WARN_UNUSED_VARIABLE = YES;
				IPHONEOS_DEPLOYMENT_TARGET = 16.0;
				MTL_ENABLE_DEBUG_INFO = INCLUDE_SOURCE;
				MTL_FAST_MATH = YES;
				ONLY_ACTIVE_ARCH = YES;
				SDKROOT = iphoneos;
				SWIFT_ACTIVE_COMPILATION_CONDITIONS = DEBUG;
				SWIFT_OPTIMIZATION_LEVEL = "-Onone";
			};
			name = Debug;
		};
		C8910D6D29A4C1020013AB3E /* Release */ = {
			isa = XCBuildConfiguration;
			buildSettings = {
				ALWAYS_SEARCH_USER_PATHS = NO;
				CLANG_ANALYZER_LOCALIZABILITY_NONLOCALIZED = YES;
				CLANG_ANALYZER_NONNULL = YES;
				CLANG_ANALYZER_NUMBER_OBJECT_CONVERSION = YES_AGGRESSIVE;
				CLANG_CXX_LANGUAGE_STANDARD = "gnu++20";
				CLANG_ENABLE_MODULES = YES;
				CLANG_ENABLE_OBJC_ARC = YES;
				CLANG_ENABLE_OBJC_WEAK = YES;
				CLANG_WARN_BLOCK_CAPTURE_AUTORELEASING = YES;
				CLANG_WARN_BOOL_CONVERSION = YES;
				CLANG_WARN_COMMA = YES;
				CLANG_WARN_CONSTANT_CONVERSION = YES;
				CLANG_WARN_DEPRECATED_OBJC_IMPLEMENTATIONS = YES;
				CLANG_WARN_DIRECT_OBJC_ISA_USAGE = YES_ERROR;
				CLANG_WARN_DOCUMENTATION_COMMENTS = YES;
				CLANG_WARN_EMPTY_BODY = YES;
				CLANG_WARN_ENUM_CONVERSION = YES;
				CLANG_WARN_INFINITE_RECURSION = YES;
				CLANG_WARN_INT_CONVERSION = YES;
				CLANG_WARN_NON_LITERAL_NULL_CONVERSION = YES;
				CLANG_WARN_OBJC_IMPLICIT_RETAIN_SELF = YES;
				CLANG_WARN_OBJC_LITERAL_CONVERSION = YES;
				CLANG_WARN_OBJC_ROOT_CLASS = YES_ERROR;
				CLANG_WARN_QUOTED_INCLUDE_IN_FRAMEWORK_HEADER = YES;
				CLANG_WARN_RANGE_LOOP_ANALYSIS = YES;
				CLANG_WARN_STRICT_PROTOTYPES = YES;
				CLANG_WARN_SUSPICIOUS_MOVE = YES;
				CLANG_WARN_UNGUARDED_AVAILABILITY = YES_AGGRESSIVE;
				CLANG_WARN_UNREACHABLE_CODE = YES;
				CLANG_WARN__DUPLICATE_METHOD_MATCH = YES;
				COPY_PHASE_STRIP = NO;
				DEBUG_INFORMATION_FORMAT = "dwarf-with-dsym";
				ENABLE_NS_ASSERTIONS = NO;
				ENABLE_STRICT_OBJC_MSGSEND = YES;
				GCC_C_LANGUAGE_STANDARD = gnu11;
				GCC_NO_COMMON_BLOCKS = YES;
				GCC_WARN_64_TO_32_BIT_CONVERSION = YES;
				GCC_WARN_ABOUT_RETURN_TYPE = YES_ERROR;
				GCC_WARN_UNDECLARED_SELECTOR = YES;
				GCC_WARN_UNINITIALIZED_AUTOS = YES_AGGRESSIVE;
				GCC_WARN_UNUSED_FUNCTION = YES;
				GCC_WARN_UNUSED_VARIABLE = YES;
				IPHONEOS_DEPLOYMENT_TARGET = 16.0;
				MTL_ENABLE_DEBUG_INFO = NO;
				MTL_FAST_MATH = YES;
				SDKROOT = iphoneos;
				SWIFT_COMPILATION_MODE = wholemodule;
				SWIFT_OPTIMIZATION_LEVEL = "-O";
				VALIDATE_PRODUCT = YES;
			};
			name = Release;
		};
		C8910D6F29A4C1020013AB3E /* Debug */ = {
			isa = XCBuildConfiguration;
			buildSettings = {
				ASSETCATALOG_COMPILER_APPICON_NAME = AppIcon;
				ASSETCATALOG_COMPILER_GLOBAL_ACCENT_COLOR_NAME = AccentColor;
				CODE_SIGN_STYLE = Automatic;
				CURRENT_PROJECT_VERSION = 1;
				DEVELOPMENT_TEAM = 59522AS6AV;
				GENERATE_INFOPLIST_FILE = YES;
				INFOPLIST_FILE = TranslateIosProjectNative/Info.plist;
				INFOPLIST_KEY_UIApplicationSupportsIndirectInputEvents = YES;
				INFOPLIST_KEY_UILaunchStoryboardName = LaunchScreen;
				INFOPLIST_KEY_UIMainStoryboardFile = Main;
				INFOPLIST_KEY_UISupportedInterfaceOrientations_iPad = "UIInterfaceOrientationPortrait UIInterfaceOrientationPortraitUpsideDown UIInterfaceOrientationLandscapeLeft UIInterfaceOrientationLandscapeRight";
				INFOPLIST_KEY_UISupportedInterfaceOrientations_iPhone = "UIInterfaceOrientationPortrait UIInterfaceOrientationLandscapeLeft UIInterfaceOrientationLandscapeRight";
				LD_RUNPATH_SEARCH_PATHS = (
					"$(inherited)",
					"@executable_path/Frameworks",
				);
				MARKETING_VERSION = 1.0;
				PRODUCT_BUNDLE_IDENTIFIER = "com.-TranslateIosProjectNative.TranslateIosProjectNative";
				PRODUCT_NAME = "$(TARGET_NAME)";
				SWIFT_EMIT_LOC_STRINGS = YES;
				SWIFT_OBJC_BRIDGING_HEADER = TranslateIosProjectNative/TranslateIosProjectNativeBridge.h;
				SWIFT_VERSION = 5.0;
				TARGETED_DEVICE_FAMILY = "1,2";
			};
			name = Debug;
		};
		C8910D7029A4C1020013AB3E /* Release */ = {
			isa = XCBuildConfiguration;
			buildSettings = {
				ASSETCATALOG_COMPILER_APPICON_NAME = AppIcon;
				ASSETCATALOG_COMPILER_GLOBAL_ACCENT_COLOR_NAME = AccentColor;
				CODE_SIGN_STYLE = Automatic;
				CURRENT_PROJECT_VERSION = 1;
				DEVELOPMENT_TEAM = 59522AS6AV;
				GENERATE_INFOPLIST_FILE = YES;
				INFOPLIST_FILE = TranslateIosProjectNative/Info.plist;
				INFOPLIST_KEY_UIApplicationSupportsIndirectInputEvents = YES;
				INFOPLIST_KEY_UILaunchStoryboardName = LaunchScreen;
				INFOPLIST_KEY_UIMainStoryboardFile = Main;
				INFOPLIST_KEY_UISupportedInterfaceOrientations_iPad = "UIInterfaceOrientationPortrait UIInterfaceOrientationPortraitUpsideDown UIInterfaceOrientationLandscapeLeft UIInterfaceOrientationLandscapeRight";
				INFOPLIST_KEY_UISupportedInterfaceOrientations_iPhone = "UIInterfaceOrientationPortrait UIInterfaceOrientationLandscapeLeft UIInterfaceOrientationLandscapeRight";
				LD_RUNPATH_SEARCH_PATHS = (
					"$(inherited)",
					"@executable_path/Frameworks",
				);
				MARKETING_VERSION = 1.0;
				PRODUCT_BUNDLE_IDENTIFIER = "com.-TranslateIosProjectNative.TranslateIosProjectNative";
				PRODUCT_NAME = "$(TARGET_NAME)";
				SWIFT_EMIT_LOC_STRINGS = YES;
				SWIFT_OBJC_BRIDGING_HEADER = TranslateIosProjectNative/TranslateIosProjectNativeBridge.h;
				SWIFT_VERSION = 5.0;
				TARGETED_DEVICE_FAMILY = "1,2";
			};
			name = Release;
		};
/* End XCBuildConfiguration section */

/* Begin XCConfigurationList section */
		C8910D5529A4C1000013AB3E /* Build configuration list for PBXProject "TranslateIosProjectNative" */ = {
			isa = XCConfigurationList;
			buildConfigurations = (
				C8910D6C29A4C1020013AB3E /* Debug */,
				C8910D6D29A4C1020013AB3E /* Release */,
			);
			defaultConfigurationIsVisible = 0;
			defaultConfigurationName = Release;
		};
		C8910D6E29A4C1020013AB3E /* Build configuration list for PBXNativeTarget "TranslateIosProjectNative" */ = {
			isa = XCConfigurationList;
			buildConfigurations = (
				C8910D6F29A4C1020013AB3E /* Debug */,
				C8910D7029A4C1020013AB3E /* Release */,
			);
			defaultConfigurationIsVisible = 0;
			defaultConfigurationName = Release;
		};
/* End XCConfigurationList section */
	};
	rootObject = C8910D5229A4C1000013AB3E /* Project object */;
}
